
Microsoft Visual Studio Solution File, Format Version 12.00
# Visual Studio 2013
VisualStudioVersion = 12.0.21005.1
MinimumVisualStudioVersion = 10.0.40219.1
Project("{8BC9CEB8-8B4A-11D0-8D11-00A0C91BC942}") = "thrift_exception", "thrift_exception\thrift_exception.vcxproj", "{EC336832-1359-4135-ACFD-4341B0F11E76}"
EndProject
Project("{FAE04EC0-301F-11D3-BF4B-00C04F79EFBC}") = "thrift_exception_client", "thrift_exception_client\thrift_exception_client.csproj", "{43DB4EDF-62B9-4550-BF0B-F3D6699A4CFF}"
EndProject
Global
	GlobalSection(SolutionConfigurationPlatforms) = preSolution
		Debug|Any CPU = Debug|Any CPU
		Debug|Mixed Platforms = Debug|Mixed Platforms
		Debug|Win32 = Debug|Win32
		Release|Any CPU = Release|Any CPU
		Release|Mixed Platforms = Release|Mixed Platforms
		Release|Win32 = Release|Win32
	EndGlobalSection
	GlobalSection(ProjectConfigurationPlatforms) = postSolution
		{EC336832-1359-4135-ACFD-4341B0F11E76}.Debug|Any CPU.ActiveCfg = Debug|Win32
		{EC336832-1359-4135-ACFD-4341B0F11E76}.Debug|Mixed Platforms.ActiveCfg = Debug|Win32
		{EC336832-1359-4135-ACFD-4341B0F11E76}.Debug|Mixed Platforms.Build.0 = Debug|Win32
		{EC336832-1359-4135-ACFD-4341B0F11E76}.Debug|Win32.ActiveCfg = Debug|Win32
		{EC336832-1359-4135-ACFD-4341B0F11E76}.Debug|Win32.Build.0 = Debug|Win32
		{EC336832-1359-4135-ACFD-4341B0F11E76}.Release|Any CPU.ActiveCfg = Release|Win32
		{EC336832-1359-4135-ACFD-4341B0F11E76}.Release|Mixed Platforms.ActiveCfg = Release|Win32
		{EC336832-1359-4135-ACFD-4341B0F11E76}.Release|Mixed Platforms.Build.0 = Release|Win32
		{EC336832-1359-4135-ACFD-4341B0F11E76}.Release|Win32.ActiveCfg = Release|Win32
		{EC336832-1359-4135-ACFD-4341B0F11E76}.Release|Win32.Build.0 = Release|Win32
		{43DB4EDF-62B9-4550-BF0B-F3D6699A4CFF}.Debug|Any CPU.ActiveCfg = Debug|Any CPU
		{43DB4EDF-62B9-4550-BF0B-F3D6699A4CFF}.Debug|Any CPU.Build.0 = Debug|Any CPU
		{43DB4EDF-62B9-4550-BF0B-F3D6699A4CFF}.Debug|Mixed Platforms.ActiveCfg = Debug|Any CPU
		{43DB4EDF-62B9-4550-BF0B-F3D6699A4CFF}.Debug|Mixed Platforms.Build.0 = Debug|Any CPU
		{43DB4EDF-62B9-4550-BF0B-F3D6699A4CFF}.Debug|Win32.ActiveCfg = Debug|Any CPU
		{43DB4EDF-62B9-4550-BF0B-F3D6699A4CFF}.Release|Any CPU.ActiveCfg = Release|Any CPU
		{43DB4EDF-62B9-4550-BF0B-F3D6699A4CFF}.Release|Any CPU.Build.0 = Release|Any CPU
		{43DB4EDF-62B9-4550-BF0B-F3D6699A4CFF}.Release|Mixed Platforms.ActiveCfg = Release|Any CPU
		{43DB4EDF-62B9-4550-BF0B-F3D6699A4CFF}.Release|Mixed Platforms.Build.0 = Release|Any CPU
		{43DB4EDF-62B9-4550-BF0B-F3D6699A4CFF}.Release|Win32.ActiveCfg = Release|Any CPU
	EndGlobalSection
	GlobalSection(SolutionProperties) = preSolution
		HideSolutionNode = FALSE
	EndGlobalSection
EndGlobal
